// !$*UTF8*$!
{
	archiveVersion = 1;
	classes = {
	};
	objectVersion = 56;
	objects = {

/* Begin PBXBuildFile section */
		FD54A89D2C30A11000B209E5 /* LoaderView.swift in Sources */ = {isa = PBXBuildFile; fileRef = FD54A89C2C30A11000B209E5 /* LoaderView.swift */; };
		FD54A89F2C30B99800B209E5 /* ModelActorDatabase.swift in Sources */ = {isa = PBXBuildFile; fileRef = FD54A89E2C30B99800B209E5 /* ModelActorDatabase.swift */; };
		FD54BFCB2C2E18650059932A /* APIClient.swift in Sources */ = {isa = PBXBuildFile; fileRef = FD54BFCA2C2E18650059932A /* APIClient.swift */; };
		FD54BFCD2C2E196A0059932A /* SyncService.swift in Sources */ = {isa = PBXBuildFile; fileRef = FD54BFCC2C2E196A0059932A /* SyncService.swift */; };
		FD54BFD22C2F35270059932A /* StorageService.swift in Sources */ = {isa = PBXBuildFile; fileRef = FD54BFD12C2F35270059932A /* StorageService.swift */; };
		FD59F97B2C1BC4650094FB6F /* PhotoPicker.swift in Sources */ = {isa = PBXBuildFile; fileRef = FD59F97A2C1BC4650094FB6F /* PhotoPicker.swift */; };
		FD66AB812C1B8F6D0018C2B8 /* HitchhikingDiaryApp.swift in Sources */ = {isa = PBXBuildFile; fileRef = FD66AB802C1B8F6D0018C2B8 /* HitchhikingDiaryApp.swift */; };
		FD66AB872C1B8F6E0018C2B8 /* Assets.xcassets in Resources */ = {isa = PBXBuildFile; fileRef = FD66AB862C1B8F6E0018C2B8 /* Assets.xcassets */; };
		FD66AB8A2C1B8F6E0018C2B8 /* Preview Assets.xcassets in Resources */ = {isa = PBXBuildFile; fileRef = FD66AB892C1B8F6E0018C2B8 /* Preview Assets.xcassets */; };
		FD66AB962C1B9B310018C2B8 /* Trip.swift in Sources */ = {isa = PBXBuildFile; fileRef = FD66AB952C1B9B310018C2B8 /* Trip.swift */; };
		FD66AB982C1B9B4A0018C2B8 /* TripRecord.swift in Sources */ = {isa = PBXBuildFile; fileRef = FD66AB972C1B9B4A0018C2B8 /* TripRecord.swift */; };
		FD66AB9A2C1B9C050018C2B8 /* LoginView.swift in Sources */ = {isa = PBXBuildFile; fileRef = FD66AB992C1B9C050018C2B8 /* LoginView.swift */; };
		FD66AB9C2C1B9C770018C2B8 /* TripListView.swift in Sources */ = {isa = PBXBuildFile; fileRef = FD66AB9B2C1B9C770018C2B8 /* TripListView.swift */; };
		FD66ABA02C1B9CD50018C2B8 /* TripDetailView.swift in Sources */ = {isa = PBXBuildFile; fileRef = FD66AB9F2C1B9CD50018C2B8 /* TripDetailView.swift */; };
		FD66ABA62C1B9E080018C2B8 /* LocationManager.swift in Sources */ = {isa = PBXBuildFile; fileRef = FD66ABA52C1B9E080018C2B8 /* LocationManager.swift */; };
		FD66ABAC2C1B9FC40018C2B8 /* DateFormatter.swift in Sources */ = {isa = PBXBuildFile; fileRef = FD66ABAB2C1B9FC40018C2B8 /* DateFormatter.swift */; };
		FD66ABB72C1BAEC60018C2B8 /* AppState.swift in Sources */ = {isa = PBXBuildFile; fileRef = FD66ABB62C1BAEC60018C2B8 /* AppState.swift */; };
		FD66ABB92C1BAEE60018C2B8 /* ContentView.swift in Sources */ = {isa = PBXBuildFile; fileRef = FD66ABB82C1BAEE60018C2B8 /* ContentView.swift */; };
		FD85A9992C29E8C600D07598 /* TripFormView.swift in Sources */ = {isa = PBXBuildFile; fileRef = FD85A9982C29E8C600D07598 /* TripFormView.swift */; };
		FD85A99B2C2A24E400D07598 /* TripRecordFormView.swift in Sources */ = {isa = PBXBuildFile; fileRef = FD85A99A2C2A24E400D07598 /* TripRecordFormView.swift */; };
		FD944AD82C1FA170005F825E /* TripRecordDetailView.swift in Sources */ = {isa = PBXBuildFile; fileRef = FD944AD72C1FA170005F825E /* TripRecordDetailView.swift */; };
		FDF36B2A2C1F3BBD00F2E49D /* Photo.swift in Sources */ = {isa = PBXBuildFile; fileRef = FDF36B292C1F3BBD00F2E49D /* Photo.swift */; };
/* End PBXBuildFile section */

/* Begin PBXFileReference section */
		FD54A89C2C30A11000B209E5 /* LoaderView.swift */ = {isa = PBXFileReference; lastKnownFileType = sourcecode.swift; path = LoaderView.swift; sourceTree = "<group>"; };
		FD54A89E2C30B99800B209E5 /* ModelActorDatabase.swift */ = {isa = PBXFileReference; lastKnownFileType = sourcecode.swift; path = ModelActorDatabase.swift; sourceTree = "<group>"; };
		FD54BFCA2C2E18650059932A /* APIClient.swift */ = {isa = PBXFileReference; lastKnownFileType = sourcecode.swift; path = APIClient.swift; sourceTree = "<group>"; };
		FD54BFCC2C2E196A0059932A /* SyncService.swift */ = {isa = PBXFileReference; lastKnownFileType = sourcecode.swift; path = SyncService.swift; sourceTree = "<group>"; };
		FD54BFCE2C2E36950059932A /* README.md */ = {isa = PBXFileReference; lastKnownFileType = net.daringfireball.markdown; path = README.md; sourceTree = "<group>"; };
		FD54BFD02C2E37E60059932A /* logo.jpg */ = {isa = PBXFileReference; lastKnownFileType = image.jpeg; path = logo.jpg; sourceTree = "<group>"; };
		FD54BFD12C2F35270059932A /* StorageService.swift */ = {isa = PBXFileReference; lastKnownFileType = sourcecode.swift; path = StorageService.swift; sourceTree = "<group>"; };
		FD59F97A2C1BC4650094FB6F /* PhotoPicker.swift */ = {isa = PBXFileReference; lastKnownFileType = sourcecode.swift; path = PhotoPicker.swift; sourceTree = "<group>"; };
		FD66AB7D2C1B8F6D0018C2B8 /* Hitchhiking Diary.app */ = {isa = PBXFileReference; explicitFileType = wrapper.application; includeInIndex = 0; path = "Hitchhiking Diary.app"; sourceTree = BUILT_PRODUCTS_DIR; };
		FD66AB802C1B8F6D0018C2B8 /* HitchhikingDiaryApp.swift */ = {isa = PBXFileReference; lastKnownFileType = sourcecode.swift; path = HitchhikingDiaryApp.swift; sourceTree = "<group>"; };
		FD66AB862C1B8F6E0018C2B8 /* Assets.xcassets */ = {isa = PBXFileReference; lastKnownFileType = folder.assetcatalog; path = Assets.xcassets; sourceTree = "<group>"; };
		FD66AB892C1B8F6E0018C2B8 /* Preview Assets.xcassets */ = {isa = PBXFileReference; lastKnownFileType = folder.assetcatalog; path = "Preview Assets.xcassets"; sourceTree = "<group>"; };
		FD66AB952C1B9B310018C2B8 /* Trip.swift */ = {isa = PBXFileReference; lastKnownFileType = sourcecode.swift; path = Trip.swift; sourceTree = "<group>"; };
		FD66AB972C1B9B4A0018C2B8 /* TripRecord.swift */ = {isa = PBXFileReference; lastKnownFileType = sourcecode.swift; path = TripRecord.swift; sourceTree = "<group>"; };
		FD66AB992C1B9C050018C2B8 /* LoginView.swift */ = {isa = PBXFileReference; lastKnownFileType = sourcecode.swift; path = LoginView.swift; sourceTree = "<group>"; };
		FD66AB9B2C1B9C770018C2B8 /* TripListView.swift */ = {isa = PBXFileReference; lastKnownFileType = sourcecode.swift; path = TripListView.swift; sourceTree = "<group>"; };
		FD66AB9F2C1B9CD50018C2B8 /* TripDetailView.swift */ = {isa = PBXFileReference; lastKnownFileType = sourcecode.swift; path = TripDetailView.swift; sourceTree = "<group>"; };
		FD66ABA52C1B9E080018C2B8 /* LocationManager.swift */ = {isa = PBXFileReference; lastKnownFileType = sourcecode.swift; path = LocationManager.swift; sourceTree = "<group>"; };
		FD66ABAB2C1B9FC40018C2B8 /* DateFormatter.swift */ = {isa = PBXFileReference; lastKnownFileType = sourcecode.swift; path = DateFormatter.swift; sourceTree = "<group>"; };
		FD66ABB62C1BAEC60018C2B8 /* AppState.swift */ = {isa = PBXFileReference; lastKnownFileType = sourcecode.swift; path = AppState.swift; sourceTree = "<group>"; };
		FD66ABB82C1BAEE60018C2B8 /* ContentView.swift */ = {isa = PBXFileReference; lastKnownFileType = sourcecode.swift; path = ContentView.swift; sourceTree = "<group>"; };
		FD85A9982C29E8C600D07598 /* TripFormView.swift */ = {isa = PBXFileReference; lastKnownFileType = sourcecode.swift; path = TripFormView.swift; sourceTree = "<group>"; };
		FD85A99A2C2A24E400D07598 /* TripRecordFormView.swift */ = {isa = PBXFileReference; lastKnownFileType = sourcecode.swift; path = TripRecordFormView.swift; sourceTree = "<group>"; };
		FD944AD72C1FA170005F825E /* TripRecordDetailView.swift */ = {isa = PBXFileReference; lastKnownFileType = sourcecode.swift; path = TripRecordDetailView.swift; sourceTree = "<group>"; };
		FDF36B292C1F3BBD00F2E49D /* Photo.swift */ = {isa = PBXFileReference; lastKnownFileType = sourcecode.swift; path = Photo.swift; sourceTree = "<group>"; };
/* End PBXFileReference section */

/* Begin PBXFrameworksBuildPhase section */
		FD66AB7A2C1B8F6D0018C2B8 /* Frameworks */ = {
			isa = PBXFrameworksBuildPhase;
			buildActionMask = 2147483647;
			files = (
			);
			runOnlyForDeploymentPostprocessing = 0;
		};
/* End PBXFrameworksBuildPhase section */

/* Begin PBXGroup section */
		FD54BFCF2C2E37C70059932A /* docs */ = {
			isa = PBXGroup;
			children = (
				FD54BFD02C2E37E60059932A /* logo.jpg */,
			);
			path = docs;
			sourceTree = "<group>";
		};
		FD66AB742C1B8F6C0018C2B8 = {
			isa = PBXGroup;
			children = (
				FD54BFCF2C2E37C70059932A /* docs */,
				FD54BFCE2C2E36950059932A /* README.md */,
				FD66AB7F2C1B8F6D0018C2B8 /* Hitchhiking Diary */,
				FD66AB7E2C1B8F6D0018C2B8 /* Products */,
			);
			sourceTree = "<group>";
		};
		FD66AB7E2C1B8F6D0018C2B8 /* Products */ = {
			isa = PBXGroup;
			children = (
				FD66AB7D2C1B8F6D0018C2B8 /* Hitchhiking Diary.app */,
			);
			name = Products;
			sourceTree = "<group>";
		};
		FD66AB7F2C1B8F6D0018C2B8 /* Hitchhiking Diary */ = {
			isa = PBXGroup;
			children = (
				FD66ABB52C1BAEBD0018C2B8 /* State */,
				FD66AB942C1B9A900018C2B8 /* Utils */,
				FD66AB932C1B9A7D0018C2B8 /* Services */,
				FD66AB912C1B9A700018C2B8 /* Views */,
				FD66AB902C1B9A680018C2B8 /* Models */,
				FD66AB802C1B8F6D0018C2B8 /* HitchhikingDiaryApp.swift */,
				FD66AB862C1B8F6E0018C2B8 /* Assets.xcassets */,
				FD66AB882C1B8F6E0018C2B8 /* Preview Content */,
			);
			path = "Hitchhiking Diary";
			sourceTree = "<group>";
		};
		FD66AB882C1B8F6E0018C2B8 /* Preview Content */ = {
			isa = PBXGroup;
			children = (
				FD66AB892C1B8F6E0018C2B8 /* Preview Assets.xcassets */,
			);
			path = "Preview Content";
			sourceTree = "<group>";
		};
		FD66AB902C1B9A680018C2B8 /* Models */ = {
			isa = PBXGroup;
			children = (
				FD66AB952C1B9B310018C2B8 /* Trip.swift */,
				FD66AB972C1B9B4A0018C2B8 /* TripRecord.swift */,
				FDF36B292C1F3BBD00F2E49D /* Photo.swift */,
			);
			path = Models;
			sourceTree = "<group>";
		};
		FD66AB912C1B9A700018C2B8 /* Views */ = {
			isa = PBXGroup;
			children = (
				FD66AB992C1B9C050018C2B8 /* LoginView.swift */,
				FD66ABB82C1BAEE60018C2B8 /* ContentView.swift */,
				FD66AB9B2C1B9C770018C2B8 /* TripListView.swift */,
				FD66AB9F2C1B9CD50018C2B8 /* TripDetailView.swift */,
				FD85A9982C29E8C600D07598 /* TripFormView.swift */,
				FD944AD72C1FA170005F825E /* TripRecordDetailView.swift */,
				FD85A99A2C2A24E400D07598 /* TripRecordFormView.swift */,
				FD54A89C2C30A11000B209E5 /* LoaderView.swift */,
			);
			path = Views;
			sourceTree = "<group>";
		};
		FD66AB932C1B9A7D0018C2B8 /* Services */ = {
			isa = PBXGroup;
			children = (
				FD54BFCA2C2E18650059932A /* APIClient.swift */,
				FD54BFCC2C2E196A0059932A /* SyncService.swift */,
				FD54BFD12C2F35270059932A /* StorageService.swift */,
				FD54A89E2C30B99800B209E5 /* ModelActorDatabase.swift */,
			);
			path = Services;
			sourceTree = "<group>";
		};
		FD66AB942C1B9A900018C2B8 /* Utils */ = {
			isa = PBXGroup;
			children = (
				FD66ABA52C1B9E080018C2B8 /* LocationManager.swift */,
				FD66ABAB2C1B9FC40018C2B8 /* DateFormatter.swift */,
				FD59F97A2C1BC4650094FB6F /* PhotoPicker.swift */,
			);
			path = Utils;
			sourceTree = "<group>";
		};
		FD66ABB52C1BAEBD0018C2B8 /* State */ = {
			isa = PBXGroup;
			children = (
				FD66ABB62C1BAEC60018C2B8 /* AppState.swift */,
			);
			path = State;
			sourceTree = "<group>";
		};
/* End PBXGroup section */

/* Begin PBXNativeTarget section */
		FD66AB7C2C1B8F6D0018C2B8 /* Hitchhiking Diary */ = {
			isa = PBXNativeTarget;
			buildConfigurationList = FD66AB8D2C1B8F6E0018C2B8 /* Build configuration list for PBXNativeTarget "Hitchhiking Diary" */;
			buildPhases = (
				FD66AB792C1B8F6D0018C2B8 /* Sources */,
				FD66AB7A2C1B8F6D0018C2B8 /* Frameworks */,
				FD66AB7B2C1B8F6D0018C2B8 /* Resources */,
			);
			buildRules = (
			);
			dependencies = (
			);
			name = "Hitchhiking Diary";
			productName = "Hitchhiking Diary";
			productReference = FD66AB7D2C1B8F6D0018C2B8 /* Hitchhiking Diary.app */;
			productType = "com.apple.product-type.application";
		};
/* End PBXNativeTarget section */

/* Begin PBXProject section */
		FD66AB752C1B8F6C0018C2B8 /* Project object */ = {
			isa = PBXProject;
			attributes = {
				BuildIndependentTargetsInParallel = 1;
				LastSwiftUpdateCheck = 1540;
				LastUpgradeCheck = 1540;
				TargetAttributes = {
					FD66AB7C2C1B8F6D0018C2B8 = {
						CreatedOnToolsVersion = 15.4;
					};
				};
			};
			buildConfigurationList = FD66AB782C1B8F6C0018C2B8 /* Build configuration list for PBXProject "Hitchhiking Diary" */;
			compatibilityVersion = "Xcode 14.0";
			developmentRegion = en;
			hasScannedForEncodings = 0;
			knownRegions = (
				en,
				Base,
			);
			mainGroup = FD66AB742C1B8F6C0018C2B8;
			productRefGroup = FD66AB7E2C1B8F6D0018C2B8 /* Products */;
			projectDirPath = "";
			projectRoot = "";
			targets = (
				FD66AB7C2C1B8F6D0018C2B8 /* Hitchhiking Diary */,
			);
		};
/* End PBXProject section */

/* Begin PBXResourcesBuildPhase section */
		FD66AB7B2C1B8F6D0018C2B8 /* Resources */ = {
			isa = PBXResourcesBuildPhase;
			buildActionMask = 2147483647;
			files = (
				FD66AB8A2C1B8F6E0018C2B8 /* Preview Assets.xcassets in Resources */,
				FD66AB872C1B8F6E0018C2B8 /* Assets.xcassets in Resources */,
			);
			runOnlyForDeploymentPostprocessing = 0;
		};
/* End PBXResourcesBuildPhase section */

/* Begin PBXSourcesBuildPhase section */
		FD66AB792C1B8F6D0018C2B8 /* Sources */ = {
			isa = PBXSourcesBuildPhase;
			buildActionMask = 2147483647;
			files = (
				FD85A99B2C2A24E400D07598 /* TripRecordFormView.swift in Sources */,
				FD54BFCB2C2E18650059932A /* APIClient.swift in Sources */,
				FD54BFCD2C2E196A0059932A /* SyncService.swift in Sources */,
				FD66ABB72C1BAEC60018C2B8 /* AppState.swift in Sources */,
				FD66ABB92C1BAEE60018C2B8 /* ContentView.swift in Sources */,
				FD54BFD22C2F35270059932A /* StorageService.swift in Sources */,
				FD59F97B2C1BC4650094FB6F /* PhotoPicker.swift in Sources */,
				FD66AB9C2C1B9C770018C2B8 /* TripListView.swift in Sources */,
				FD66AB9A2C1B9C050018C2B8 /* LoginView.swift in Sources */,
				FD66ABA02C1B9CD50018C2B8 /* TripDetailView.swift in Sources */,
				FD66AB982C1B9B4A0018C2B8 /* TripRecord.swift in Sources */,
				FD66AB962C1B9B310018C2B8 /* Trip.swift in Sources */,
				FD85A9992C29E8C600D07598 /* TripFormView.swift in Sources */,
				FD66ABAC2C1B9FC40018C2B8 /* DateFormatter.swift in Sources */,
				FD944AD82C1FA170005F825E /* TripRecordDetailView.swift in Sources */,
				FD54A89D2C30A11000B209E5 /* LoaderView.swift in Sources */,
				FDF36B2A2C1F3BBD00F2E49D /* Photo.swift in Sources */,
				FD66ABA62C1B9E080018C2B8 /* LocationManager.swift in Sources */,
				FD66AB812C1B8F6D0018C2B8 /* HitchhikingDiaryApp.swift in Sources */,
				FD54A89F2C30B99800B209E5 /* ModelActorDatabase.swift in Sources */,
			);
			runOnlyForDeploymentPostprocessing = 0;
		};
/* End PBXSourcesBuildPhase section */

/* Begin XCBuildConfiguration section */
		FD66AB8B2C1B8F6E0018C2B8 /* Debug */ = {
			isa = XCBuildConfiguration;
			buildSettings = {
				ALWAYS_SEARCH_USER_PATHS = NO;
				ASSETCATALOG_COMPILER_GENERATE_SWIFT_ASSET_SYMBOL_EXTENSIONS = YES;
				CLANG_ANALYZER_NONNULL = YES;
				CLANG_ANALYZER_NUMBER_OBJECT_CONVERSION = YES_AGGRESSIVE;
				CLANG_CXX_LANGUAGE_STANDARD = "gnu++20";
				CLANG_ENABLE_MODULES = YES;
				CLANG_ENABLE_OBJC_ARC = YES;
				CLANG_ENABLE_OBJC_WEAK = YES;
				CLANG_WARN_BLOCK_CAPTURE_AUTORELEASING = YES;
				CLANG_WARN_BOOL_CONVERSION = YES;
				CLANG_WARN_COMMA = YES;
				CLANG_WARN_CONSTANT_CONVERSION = YES;
				CLANG_WARN_DEPRECATED_OBJC_IMPLEMENTATIONS = YES;
				CLANG_WARN_DIRECT_OBJC_ISA_USAGE = YES_ERROR;
				CLANG_WARN_DOCUMENTATION_COMMENTS = YES;
				CLANG_WARN_EMPTY_BODY = YES;
				CLANG_WARN_ENUM_CONVERSION = YES;
				CLANG_WARN_INFINITE_RECURSION = YES;
				CLANG_WARN_INT_CONVERSION = YES;
				CLANG_WARN_NON_LITERAL_NULL_CONVERSION = YES;
				CLANG_WARN_OBJC_IMPLICIT_RETAIN_SELF = YES;
				CLANG_WARN_OBJC_LITERAL_CONVERSION = YES;
				CLANG_WARN_OBJC_ROOT_CLASS = YES_ERROR;
				CLANG_WARN_QUOTED_INCLUDE_IN_FRAMEWORK_HEADER = YES;
				CLANG_WARN_RANGE_LOOP_ANALYSIS = YES;
				CLANG_WARN_STRICT_PROTOTYPES = YES;
				CLANG_WARN_SUSPICIOUS_MOVE = YES;
				CLANG_WARN_UNGUARDED_AVAILABILITY = YES_AGGRESSIVE;
				CLANG_WARN_UNREACHABLE_CODE = YES;
				CLANG_WARN__DUPLICATE_METHOD_MATCH = YES;
				COPY_PHASE_STRIP = NO;
				DEBUG_INFORMATION_FORMAT = dwarf;
				ENABLE_STRICT_OBJC_MSGSEND = YES;
				ENABLE_TESTABILITY = YES;
				ENABLE_USER_SCRIPT_SANDBOXING = YES;
				GCC_C_LANGUAGE_STANDARD = gnu17;
				GCC_DYNAMIC_NO_PIC = NO;
				GCC_NO_COMMON_BLOCKS = YES;
				GCC_OPTIMIZATION_LEVEL = 0;
				GCC_PREPROCESSOR_DEFINITIONS = (
					"DEBUG=1",
					"$(inherited)",
				);
				GCC_WARN_64_TO_32_BIT_CONVERSION = YES;
				GCC_WARN_ABOUT_RETURN_TYPE = YES_ERROR;
				GCC_WARN_UNDECLARED_SELECTOR = YES;
				GCC_WARN_UNINITIALIZED_AUTOS = YES_AGGRESSIVE;
				GCC_WARN_UNUSED_FUNCTION = YES;
				GCC_WARN_UNUSED_VARIABLE = YES;
				IPHONEOS_DEPLOYMENT_TARGET = 17.5;
				LOCALIZATION_PREFERS_STRING_CATALOGS = YES;
				MTL_ENABLE_DEBUG_INFO = INCLUDE_SOURCE;
				MTL_FAST_MATH = YES;
				ONLY_ACTIVE_ARCH = YES;
				SDKROOT = iphoneos;
				SWIFT_ACTIVE_COMPILATION_CONDITIONS = "DEBUG $(inherited)";
				SWIFT_OPTIMIZATION_LEVEL = "-Onone";
			};
			name = Debug;
		};
		FD66AB8C2C1B8F6E0018C2B8 /* Release */ = {
			isa = XCBuildConfiguration;
			buildSettings = {
				ALWAYS_SEARCH_USER_PATHS = NO;
				ASSETCATALOG_COMPILER_GENERATE_SWIFT_ASSET_SYMBOL_EXTENSIONS = YES;
				CLANG_ANALYZER_NONNULL = YES;
				CLANG_ANALYZER_NUMBER_OBJECT_CONVERSION = YES_AGGRESSIVE;
				CLANG_CXX_LANGUAGE_STANDARD = "gnu++20";
				CLANG_ENABLE_MODULES = YES;
				CLANG_ENABLE_OBJC_ARC = YES;
				CLANG_ENABLE_OBJC_WEAK = YES;
				CLANG_WARN_BLOCK_CAPTURE_AUTORELEASING = YES;
				CLANG_WARN_BOOL_CONVERSION = YES;
				CLANG_WARN_COMMA = YES;
				CLANG_WARN_CONSTANT_CONVERSION = YES;
				CLANG_WARN_DEPRECATED_OBJC_IMPLEMENTATIONS = YES;
				CLANG_WARN_DIRECT_OBJC_ISA_USAGE = YES_ERROR;
				CLANG_WARN_DOCUMENTATION_COMMENTS = YES;
				CLANG_WARN_EMPTY_BODY = YES;
				CLANG_WARN_ENUM_CONVERSION = YES;
				CLANG_WARN_INFINITE_RECURSION = YES;
				CLANG_WARN_INT_CONVERSION = YES;
				CLANG_WARN_NON_LITERAL_NULL_CONVERSION = YES;
				CLANG_WARN_OBJC_IMPLICIT_RETAIN_SELF = YES;
				CLANG_WARN_OBJC_LITERAL_CONVERSION = YES;
				CLANG_WARN_OBJC_ROOT_CLASS = YES_ERROR;
				CLANG_WARN_QUOTED_INCLUDE_IN_FRAMEWORK_HEADER = YES;
				CLANG_WARN_RANGE_LOOP_ANALYSIS = YES;
				CLANG_WARN_STRICT_PROTOTYPES = YES;
				CLANG_WARN_SUSPICIOUS_MOVE = YES;
				CLANG_WARN_UNGUARDED_AVAILABILITY = YES_AGGRESSIVE;
				CLANG_WARN_UNREACHABLE_CODE = YES;
				CLANG_WARN__DUPLICATE_METHOD_MATCH = YES;
				COPY_PHASE_STRIP = NO;
				DEBUG_INFORMATION_FORMAT = "dwarf-with-dsym";
				ENABLE_NS_ASSERTIONS = NO;
				ENABLE_STRICT_OBJC_MSGSEND = YES;
				ENABLE_USER_SCRIPT_SANDBOXING = YES;
				GCC_C_LANGUAGE_STANDARD = gnu17;
				GCC_NO_COMMON_BLOCKS = YES;
				GCC_WARN_64_TO_32_BIT_CONVERSION = YES;
				GCC_WARN_ABOUT_RETURN_TYPE = YES_ERROR;
				GCC_WARN_UNDECLARED_SELECTOR = YES;
				GCC_WARN_UNINITIALIZED_AUTOS = YES_AGGRESSIVE;
				GCC_WARN_UNUSED_FUNCTION = YES;
				GCC_WARN_UNUSED_VARIABLE = YES;
				IPHONEOS_DEPLOYMENT_TARGET = 17.5;
				LOCALIZATION_PREFERS_STRING_CATALOGS = YES;
				MTL_ENABLE_DEBUG_INFO = NO;
				MTL_FAST_MATH = YES;
				SDKROOT = iphoneos;
				SWIFT_COMPILATION_MODE = wholemodule;
				VALIDATE_PRODUCT = YES;
			};
			name = Release;
		};
		FD66AB8E2C1B8F6E0018C2B8 /* Debug */ = {
			isa = XCBuildConfiguration;
			buildSettings = {
				ASSETCATALOG_COMPILER_APPICON_NAME = AppIcon;
				ASSETCATALOG_COMPILER_GLOBAL_ACCENT_COLOR_NAME = AccentColor;
				CODE_SIGN_STYLE = Automatic;
				CURRENT_PROJECT_VERSION = 1;
				DEVELOPMENT_ASSET_PATHS = "\"Hitchhiking Diary/Preview Content\"";
				DEVELOPMENT_TEAM = 3D6D8LQ6F2;
				ENABLE_PREVIEWS = YES;
				GENERATE_INFOPLIST_FILE = YES;
				INFOPLIST_KEY_NSLocationWhenInUseUsageDescription = "We would like to mark your location";
				INFOPLIST_KEY_UIApplicationSceneManifest_Generation = YES;
				INFOPLIST_KEY_UIApplicationSupportsIndirectInputEvents = YES;
				INFOPLIST_KEY_UILaunchScreen_Generation = YES;
				INFOPLIST_KEY_UISupportedInterfaceOrientations_iPad = "UIInterfaceOrientationPortrait UIInterfaceOrientationPortraitUpsideDown UIInterfaceOrientationLandscapeLeft UIInterfaceOrientationLandscapeRight";
				INFOPLIST_KEY_UISupportedInterfaceOrientations_iPhone = "UIInterfaceOrientationPortrait UIInterfaceOrientationLandscapeLeft UIInterfaceOrientationLandscapeRight";
				LD_RUNPATH_SEARCH_PATHS = (
					"$(inherited)",
					"@executable_path/Frameworks",
				);
				MARKETING_VERSION = 1.0;
				PRODUCT_BUNDLE_IDENTIFIER = Sibyx.HitchhikingDiary;
				PRODUCT_NAME = "$(TARGET_NAME)";
				SWIFT_EMIT_LOC_STRINGS = YES;
				SWIFT_VERSION = 5.0;
				TARGETED_DEVICE_FAMILY = "1,2";
			};
			name = Debug;
		};
		FD66AB8F2C1B8F6E0018C2B8 /* Release */ = {
			isa = XCBuildConfiguration;
			buildSettings = {
				ASSETCATALOG_COMPILER_APPICON_NAME = AppIcon;
				ASSETCATALOG_COMPILER_GLOBAL_ACCENT_COLOR_NAME = AccentColor;
				CODE_SIGN_STYLE = Automatic;
				CURRENT_PROJECT_VERSION = 1;
				DEVELOPMENT_ASSET_PATHS = "\"Hitchhiking Diary/Preview Content\"";
				DEVELOPMENT_TEAM = 3D6D8LQ6F2;
				ENABLE_PREVIEWS = YES;
				GENERATE_INFOPLIST_FILE = YES;
				INFOPLIST_KEY_NSLocationWhenInUseUsageDescription = "We would like to mark your location";
				INFOPLIST_KEY_UIApplicationSceneManifest_Generation = YES;
				INFOPLIST_KEY_UIApplicationSupportsIndirectInputEvents = YES;
				INFOPLIST_KEY_UILaunchScreen_Generation = YES;
				INFOPLIST_KEY_UISupportedInterfaceOrientations_iPad = "UIInterfaceOrientationPortrait UIInterfaceOrientationPortraitUpsideDown UIInterfaceOrientationLandscapeLeft UIInterfaceOrientationLandscapeRight";
				INFOPLIST_KEY_UISupportedInterfaceOrientations_iPhone = "UIInterfaceOrientationPortrait UIInterfaceOrientationLandscapeLeft UIInterfaceOrientationLandscapeRight";
				LD_RUNPATH_SEARCH_PATHS = (
					"$(inherited)",
					"@executable_path/Frameworks",
				);
				MARKETING_VERSION = 1.0;
				PRODUCT_BUNDLE_IDENTIFIER = Sibyx.HitchhikingDiary;
				PRODUCT_NAME = "$(TARGET_NAME)";
				SWIFT_EMIT_LOC_STRINGS = YES;
				SWIFT_VERSION = 5.0;
				TARGETED_DEVICE_FAMILY = "1,2";
			};
			name = Release;
		};
/* End XCBuildConfiguration section */

/* Begin XCConfigurationList section */
		FD66AB782C1B8F6C0018C2B8 /* Build configuration list for PBXProject "Hitchhiking Diary" */ = {
			isa = XCConfigurationList;
			buildConfigurations = (
				FD66AB8B2C1B8F6E0018C2B8 /* Debug */,
				FD66AB8C2C1B8F6E0018C2B8 /* Release */,
			);
			defaultConfigurationIsVisible = 0;
			defaultConfigurationName = Release;
		};
		FD66AB8D2C1B8F6E0018C2B8 /* Build configuration list for PBXNativeTarget "Hitchhiking Diary" */ = {
			isa = XCConfigurationList;
			buildConfigurations = (
				FD66AB8E2C1B8F6E0018C2B8 /* Debug */,
				FD66AB8F2C1B8F6E0018C2B8 /* Release */,
			);
			defaultConfigurationIsVisible = 0;
			defaultConfigurationName = Release;
		};
/* End XCConfigurationList section */
	};
	rootObject = FD66AB752C1B8F6C0018C2B8 /* Project object */;
}
